
Microsoft Visual Studio Solution File, Format Version 12.00
# Visual Studio Version 17
VisualStudioVersion = 17.3.32929.385
MinimumVisualStudioVersion = 10.0.40219.1
Project("{9A19103F-16F7-4668-BE54-9A1E7A4F7556}") = "Emp_Details_Role.API", "Emp_Details_Role.API\Emp_Details_Role.API.csproj", "{BC0AC9BC-6561-4C7E-9253-D5D0DD366CA7}"
EndProject
Project("{FAE04EC0-301F-11D3-BF4B-00C04F79EFBC}") = "Emp_Details_Role.Test", "Emp_Details_Role.Test\Emp_Details_Role.Test.csproj", "{8B00EB7C-4975-4925-8FA4-BD4DDB5200D2}"
EndProject
Global
	GlobalSection(SolutionConfigurationPlatforms) = preSolution
		Debug|Any CPU = Debug|Any CPU
		Release|Any CPU = Release|Any CPU
	EndGlobalSection
	GlobalSection(ProjectConfigurationPlatforms) = postSolution
		{BC0AC9BC-6561-4C7E-9253-D5D0DD366CA7}.Debug|Any CPU.ActiveCfg = Debug|Any CPU
		{BC0AC9BC-6561-4C7E-9253-D5D0DD366CA7}.Debug|Any CPU.Build.0 = Debug|Any CPU
		{BC0AC9BC-6561-4C7E-9253-D5D0DD366CA7}.Release|Any CPU.ActiveCfg = Release|Any CPU
		{BC0AC9BC-6561-4C7E-9253-D5D0DD366CA7}.Release|Any CPU.Build.0 = Release|Any CPU
		{8B00EB7C-4975-4925-8FA4-BD4DDB5200D2}.Debug|Any CPU.ActiveCfg = Debug|Any CPU
		{8B00EB7C-4975-4925-8FA4-BD4DDB5200D2}.Debug|Any CPU.Build.0 = Debug|Any CPU
		{8B00EB7C-4975-4925-8FA4-BD4DDB5200D2}.Release|Any CPU.ActiveCfg = Release|Any CPU
		{8B00EB7C-4975-4925-8FA4-BD4DDB5200D2}.Release|Any CPU.Build.0 = Release|Any CPU
	EndGlobalSection
	GlobalSection(SolutionProperties) = preSolution
		HideSolutionNode = FALSE
	EndGlobalSection
	GlobalSection(ExtensibilityGlobals) = postSolution
		SolutionGuid = {78EB2F4F-1473-426F-B6C9-5CEF1A70DB21}
	EndGlobalSection
EndGlobal
